
Microsoft Visual Studio Solution File, Format Version 12.00
# Visual Studio Version 16
VisualStudioVersion = 16.0.29806.167
MinimumVisualStudioVersion = 10.0.40219.1
Project("{FAE04EC0-301F-11D3-BF4B-00C04F79EFBC}") = "Projekt zespolowy.Android", "Projekt zespolowy\Projekt zespolowy.Android\Projekt zespolowy.Android.csproj", "{4119A7D0-723B-47E7-8E94-9153E69483DB}"
EndProject
Project("{FAE04EC0-301F-11D3-BF4B-00C04F79EFBC}") = "Projekt zespolowy", "Projekt zespolowy\Projekt zespolowy\Projekt zespolowy.csproj", "{F61A9512-BDA1-4B8E-A954-276AA6C4467A}"
EndProject
Global
	GlobalSection(SolutionConfigurationPlatforms) = preSolution
		Debug|Any CPU = Debug|Any CPU
		Release|Any CPU = Release|Any CPU
	EndGlobalSection
	GlobalSection(ProjectConfigurationPlatforms) = postSolution
		{4119A7D0-723B-47E7-8E94-9153E69483DB}.Debug|Any CPU.ActiveCfg = Debug|Any CPU
		{4119A7D0-723B-47E7-8E94-9153E69483DB}.Debug|Any CPU.Build.0 = Debug|Any CPU
		{4119A7D0-723B-47E7-8E94-9153E69483DB}.Debug|Any CPU.Deploy.0 = Debug|Any CPU
		{4119A7D0-723B-47E7-8E94-9153E69483DB}.Release|Any CPU.ActiveCfg = Release|Any CPU
		{4119A7D0-723B-47E7-8E94-9153E69483DB}.Release|Any CPU.Build.0 = Release|Any CPU
		{4119A7D0-723B-47E7-8E94-9153E69483DB}.Release|Any CPU.Deploy.0 = Release|Any CPU
		{F61A9512-BDA1-4B8E-A954-276AA6C4467A}.Debug|Any CPU.ActiveCfg = Debug|Any CPU
		{F61A9512-BDA1-4B8E-A954-276AA6C4467A}.Debug|Any CPU.Build.0 = Debug|Any CPU
		{F61A9512-BDA1-4B8E-A954-276AA6C4467A}.Debug|Any CPU.Deploy.0 = Debug|Any CPU
		{F61A9512-BDA1-4B8E-A954-276AA6C4467A}.Release|Any CPU.ActiveCfg = Release|Any CPU
		{F61A9512-BDA1-4B8E-A954-276AA6C4467A}.Release|Any CPU.Build.0 = Release|Any CPU
		{F61A9512-BDA1-4B8E-A954-276AA6C4467A}.Release|Any CPU.Deploy.0 = Release|Any CPU
	EndGlobalSection
	GlobalSection(SolutionProperties) = preSolution
		HideSolutionNode = FALSE
	EndGlobalSection
	GlobalSection(ExtensibilityGlobals) = postSolution
		SolutionGuid = {5FB0EF8E-E0AD-4C8B-80C1-6BE569F363E3}
	EndGlobalSection
EndGlobal
